{
  "name": "point5-checklists",
  "version": "1.0.0",
  "lockfileVersion": 3,
  "requires": true,
  "packages": {
    "": {
      "name": "point5-checklists",
      "version": "1.0.0",
      "dependencies": {
        "nodemailer": "^7.0.13"
      },
      "devDependencies": {
        "smtp-server": "^3.19.13"
      },
      "engines": {
        "node": ">=18"
      }
    },
    "node_modules/ipv6-normalize": {
      "version": "1.0.1",
      "resolved": "https://registry.npmjs.org/ipv6-normalize/-/ipv6-normalize-1.0.1.tgz",
      "integrity": "sha512-Bm6H79i01DjgGTCWjUuCjJ6QDo1HB96PT/xCYuyJUP9WFbVDrLSbG4EZCvOCun2rNswZb0c3e4Jt/ws795esHA==",
      "dev": true,
      "license": "MIT"
    },
    "node_modules/nodemailer": {
      "version": "7.0.13",
      "resolved": "https://registry.npmjs.org/nodemailer/-/nodemailer-7.0.13.tgz",
      "integrity": "sha512-PNDFSJdP+KFgdsG3ZzMXCgquO7I6McjY2vlqILjtJd0hy8wEvtugS9xKRF2NWlPNGxvLCXlTNIae4serI7dinw==",
      "license": "MIT-0",
      "engines": {
        "node": ">=6.0.0"
      }
    },
    "node_modules/punycode.js": {
      "version": "2.3.1",
      "resolved": "https://registry.npmjs.org/punycode.js/-/punycode.js-2.3.1.tgz",
      "integrity": "sha512-uxFIHU0YlHYhDQtV4R9J6a52SLx28BCjT+4ieh7IGbgwVJWO+km431c4yRlREUAsAmt/uMjQUyQHNEPf0M39CA==",
      "dev": true,
      "license": "MIT",
      "engines": {
        "node": ">=6"
      }
    },
    "node_modules/smtp-server": {
      "version": "3.19.13",
      "resolved": "https://registry.npmjs.org/smtp-server/-/smtp-server-3.19.13.tgz",
      "integrity": "sha512-W1CjNcrPqW4+1gUOYRyjPvTOxu7GgKR9+7l50yQBF0GM8v8jpYwheHFCHX7s+p7pYI8iXKQQZiF2Rv2Na/3i2g==",
      "dev": true,
      "license": "MIT-0",
      "dependencies": {
        "ipv6-normalize": "1.0.1",
        "nodemailer": "10.0.10",
        "punycode.js": "2.3.1"
      },
      "engines": {
        "node": ">=20.0.0"
      }
    },
    "node_modules/smtp-server/node_modules/nodemailer": {
      "version": "10.0.10",
      "resolved": "https://registry.npmjs.org/nodemailer/-/nodemailer-10.0.10.tgz",
      "integrity": "sha512-He9XskOFms62SyAKkLu8CcGcYHAo+BSHSsORI8s4PJH8qZgZY4L4lDfvyN0twvmbpyG+eGrxpyBlskj9d9rJ8A==",
      "dev": true,
      "license": "MIT-0",
      "engines": {
        "node": ">=20.0.0"
      }
    }
  }
}
